// !$*UTF8*$!
{
	archiveVersion = 1;
	classes = {
	};
	objectVersion = 56;
	objects = {

/* Begin PBXBuildFile section */
		F71C22132AEB624700E0F475 /* SpotifyAuthService.swift in Sources */ = {isa = PBXBuildFile; fileRef = F71C22122AEB624700E0F475 /* SpotifyAuthService.swift */; };
		F71C22152AEB7EA600E0F475 /* SpotifyAPIManager.swift in Sources */ = {isa = PBXBuildFile; fileRef = F71C22142AEB7EA600E0F475 /* SpotifyAPIManager.swift */; };
		F71C22172AF080CF00E0F475 /* ArtistObjectView.swift in Sources */ = {isa = PBXBuildFile; fileRef = F71C22162AF080CF00E0F475 /* ArtistObjectView.swift */; };
		F7544D5A2AF189FA00D803CA /* GoogleService-Info.plist in Resources */ = {isa = PBXBuildFile; fileRef = F7544D592AF189FA00D803CA /* GoogleService-Info.plist */; };
		F7544D5D2AF18E5B00D803CA /* FirebaseAnalytics in Frameworks */ = {isa = PBXBuildFile; productRef = F7544D5C2AF18E5B00D803CA /* FirebaseAnalytics */; };
		F7544D5F2AF18E5B00D803CA /* FirebaseAnalyticsOnDeviceConversion in Frameworks */ = {isa = PBXBuildFile; productRef = F7544D5E2AF18E5B00D803CA /* FirebaseAnalyticsOnDeviceConversion */; };
		F7544D612AF18E5B00D803CA /* FirebaseAnalyticsSwift in Frameworks */ = {isa = PBXBuildFile; productRef = F7544D602AF18E5B00D803CA /* FirebaseAnalyticsSwift */; };
		F7544D632AF18E5B00D803CA /* FirebaseAnalyticsWithoutAdIdSupport in Frameworks */ = {isa = PBXBuildFile; productRef = F7544D622AF18E5B00D803CA /* FirebaseAnalyticsWithoutAdIdSupport */; };
		F7544D652AF18E5B00D803CA /* FirebaseAppCheck in Frameworks */ = {isa = PBXBuildFile; productRef = F7544D642AF18E5B00D803CA /* FirebaseAppCheck */; };
		F7544D672AF18E5B00D803CA /* FirebaseAppDistribution-Beta in Frameworks */ = {isa = PBXBuildFile; productRef = F7544D662AF18E5B00D803CA /* FirebaseAppDistribution-Beta */; };
		F7544D692AF18E5B00D803CA /* FirebaseAuth in Frameworks */ = {isa = PBXBuildFile; productRef = F7544D682AF18E5B00D803CA /* FirebaseAuth */; };
		F7544D6B2AF18E5B00D803CA /* FirebaseAuthCombine-Community in Frameworks */ = {isa = PBXBuildFile; productRef = F7544D6A2AF18E5B00D803CA /* FirebaseAuthCombine-Community */; };
		F7544D6D2AF18E5B00D803CA /* FirebaseCrashlytics in Frameworks */ = {isa = PBXBuildFile; productRef = F7544D6C2AF18E5B00D803CA /* FirebaseCrashlytics */; };
		F7544D6F2AF18E5B00D803CA /* FirebaseDatabase in Frameworks */ = {isa = PBXBuildFile; productRef = F7544D6E2AF18E5B00D803CA /* FirebaseDatabase */; };
		F7544D712AF18E5B00D803CA /* FirebaseDatabaseSwift in Frameworks */ = {isa = PBXBuildFile; productRef = F7544D702AF18E5B00D803CA /* FirebaseDatabaseSwift */; };
		F7544D732AF18E5B00D803CA /* FirebaseDynamicLinks in Frameworks */ = {isa = PBXBuildFile; productRef = F7544D722AF18E5B00D803CA /* FirebaseDynamicLinks */; };
		F7544D752AF18E5B00D803CA /* FirebaseFirestore in Frameworks */ = {isa = PBXBuildFile; productRef = F7544D742AF18E5B00D803CA /* FirebaseFirestore */; };
		F7544D772AF18E5B00D803CA /* FirebaseFirestoreCombine-Community in Frameworks */ = {isa = PBXBuildFile; productRef = F7544D762AF18E5B00D803CA /* FirebaseFirestoreCombine-Community */; };
		F7544D792AF18E5B00D803CA /* FirebaseFirestoreSwift in Frameworks */ = {isa = PBXBuildFile; productRef = F7544D782AF18E5B00D803CA /* FirebaseFirestoreSwift */; };
		F7544D7B2AF18E5B00D803CA /* FirebaseFunctions in Frameworks */ = {isa = PBXBuildFile; productRef = F7544D7A2AF18E5B00D803CA /* FirebaseFunctions */; };
		F7544D7D2AF18E5B00D803CA /* FirebaseFunctionsCombine-Community in Frameworks */ = {isa = PBXBuildFile; productRef = F7544D7C2AF18E5B00D803CA /* FirebaseFunctionsCombine-Community */; };
		F7544D7F2AF18E5B00D803CA /* FirebaseInAppMessaging-Beta in Frameworks */ = {isa = PBXBuildFile; productRef = F7544D7E2AF18E5B00D803CA /* FirebaseInAppMessaging-Beta */; };
		F7544D812AF18E5B00D803CA /* FirebaseInAppMessagingSwift-Beta in Frameworks */ = {isa = PBXBuildFile; productRef = F7544D802AF18E5B00D803CA /* FirebaseInAppMessagingSwift-Beta */; };
		F7544D832AF18E5B00D803CA /* FirebaseInstallations in Frameworks */ = {isa = PBXBuildFile; productRef = F7544D822AF18E5B00D803CA /* FirebaseInstallations */; };
		F7544D852AF18E5B00D803CA /* FirebaseMLModelDownloader in Frameworks */ = {isa = PBXBuildFile; productRef = F7544D842AF18E5B00D803CA /* FirebaseMLModelDownloader */; };
		F7544D872AF18E5B00D803CA /* FirebaseMessaging in Frameworks */ = {isa = PBXBuildFile; productRef = F7544D862AF18E5B00D803CA /* FirebaseMessaging */; };
		F7544D892AF18E5B00D803CA /* FirebasePerformance in Frameworks */ = {isa = PBXBuildFile; productRef = F7544D882AF18E5B00D803CA /* FirebasePerformance */; };
		F7544D8B2AF18E5B00D803CA /* FirebaseRemoteConfig in Frameworks */ = {isa = PBXBuildFile; productRef = F7544D8A2AF18E5B00D803CA /* FirebaseRemoteConfig */; };
		F7544D8D2AF18E5B00D803CA /* FirebaseRemoteConfigSwift in Frameworks */ = {isa = PBXBuildFile; productRef = F7544D8C2AF18E5B00D803CA /* FirebaseRemoteConfigSwift */; };
		F7544D8F2AF18E5B00D803CA /* FirebaseStorage in Frameworks */ = {isa = PBXBuildFile; productRef = F7544D8E2AF18E5B00D803CA /* FirebaseStorage */; };
		F7544D912AF18E5B00D803CA /* FirebaseStorageCombine-Community in Frameworks */ = {isa = PBXBuildFile; productRef = F7544D902AF18E5B00D803CA /* FirebaseStorageCombine-Community */; };
		F7544D932AF19BCD00D803CA /* AuthViewModel.swift in Sources */ = {isa = PBXBuildFile; fileRef = F7544D922AF19BCD00D803CA /* AuthViewModel.swift */; };
		F7544D962AF19CFF00D803CA /* ContentView.swift in Sources */ = {isa = PBXBuildFile; fileRef = F7544D952AF19CFF00D803CA /* ContentView.swift */; };
		F7544D9A2AF1A5D700D803CA /* LoginView.swift in Sources */ = {isa = PBXBuildFile; fileRef = F7544D992AF1A5D700D803CA /* LoginView.swift */; };
		F7544D9C2AF1A5ED00D803CA /* RegisterView.swift in Sources */ = {isa = PBXBuildFile; fileRef = F7544D9B2AF1A5ED00D803CA /* RegisterView.swift */; };
		F7544D9E2AF1A74F00D803CA /* RoundedShape.swift in Sources */ = {isa = PBXBuildFile; fileRef = F7544D9D2AF1A74F00D803CA /* RoundedShape.swift */; };
		F7544DA02AF1AD0100D803CA /* CustomInputField.swift in Sources */ = {isa = PBXBuildFile; fileRef = F7544D9F2AF1AD0100D803CA /* CustomInputField.swift */; };
		F7544DA22AF1AEAC00D803CA /* AuthHeaderView.swift in Sources */ = {isa = PBXBuildFile; fileRef = F7544DA12AF1AEAC00D803CA /* AuthHeaderView.swift */; };
		F7544DA42AF2B74400D803CA /* ProfilePhotoSelectorView.swift in Sources */ = {isa = PBXBuildFile; fileRef = F7544DA32AF2B74400D803CA /* ProfilePhotoSelectorView.swift */; };
		F7544DA72AF2BBE700D803CA /* ImagePicker.swift in Sources */ = {isa = PBXBuildFile; fileRef = F7544DA62AF2BBE700D803CA /* ImagePicker.swift */; };
		F7544DAA2AF2C50900D803CA /* imageUploader.swift in Sources */ = {isa = PBXBuildFile; fileRef = F7544DA92AF2C50900D803CA /* imageUploader.swift */; };
		F7544DAC2AF2EEEA00D803CA /* UserService.swift in Sources */ = {isa = PBXBuildFile; fileRef = F7544DAB2AF2EEEA00D803CA /* UserService.swift */; };
		F7544DB02AF3025700D803CA /* KrateFilterViewModel.swift in Sources */ = {isa = PBXBuildFile; fileRef = F7544DAF2AF3025700D803CA /* KrateFilterViewModel.swift */; };
		F7544DB32AF32C0400D803CA /* Kingfisher in Frameworks */ = {isa = PBXBuildFile; productRef = F7544DB22AF32C0400D803CA /* Kingfisher */; };
		F7544DB72AF353F100D803CA /* GridAlbumView.swift in Sources */ = {isa = PBXBuildFile; fileRef = F7544DB62AF353F100D803CA /* GridAlbumView.swift */; };
		F7544DB92AF3706A00D803CA /* createKrateView.swift in Sources */ = {isa = PBXBuildFile; fileRef = F7544DB82AF3706A00D803CA /* createKrateView.swift */; };
		F7544DBD2AF380B100D803CA /* AlbumRowView.swift in Sources */ = {isa = PBXBuildFile; fileRef = F7544DBC2AF380B100D803CA /* AlbumRowView.swift */; };
		F7544DBF2AF389E900D803CA /* SearchViewModel.swift in Sources */ = {isa = PBXBuildFile; fileRef = F7544DBE2AF389E900D803CA /* SearchViewModel.swift */; };
		F7544DC12AF38C8700D803CA /* ProfileRowView.swift in Sources */ = {isa = PBXBuildFile; fileRef = F7544DC02AF38C8700D803CA /* ProfileRowView.swift */; };
		F7544DC32AF38D5600D803CA /* SearchFilterViewModel.swift in Sources */ = {isa = PBXBuildFile; fileRef = F7544DC22AF38D5600D803CA /* SearchFilterViewModel.swift */; };
		F754546D2AF41CE3000BDBAC /* SearchBar.swift in Sources */ = {isa = PBXBuildFile; fileRef = F754546C2AF41CE3000BDBAC /* SearchBar.swift */; };
		F754546F2AF42282000BDBAC /* KrateService.swift in Sources */ = {isa = PBXBuildFile; fileRef = F754546E2AF42282000BDBAC /* KrateService.swift */; };
		F75454722AF42570000BDBAC /* UploadKrateViewModel.swift in Sources */ = {isa = PBXBuildFile; fileRef = F75454712AF42570000BDBAC /* UploadKrateViewModel.swift */; };
		F7BB86282AD13A9B004BD57D /* KrateRowCell.swift in Sources */ = {isa = PBXBuildFile; fileRef = F7BB86272AD13A9B004BD57D /* KrateRowCell.swift */; };
		F7BB862C2AD4BA06004BD57D /* HomeViewController.swift in Sources */ = {isa = PBXBuildFile; fileRef = F7BB862B2AD4BA06004BD57D /* HomeViewController.swift */; };
		F7BB862E2AD4F164004BD57D /* KrateObjectView.swift in Sources */ = {isa = PBXBuildFile; fileRef = F7BB862D2AD4F164004BD57D /* KrateObjectView.swift */; };
		F7BB86302AD4F1D6004BD57D /* ProfileVisitingView.swift in Sources */ = {isa = PBXBuildFile; fileRef = F7BB862F2AD4F1D6004BD57D /* ProfileVisitingView.swift */; };
		F7BB86322AD8FE85004BD57D /* ReviewObjectView.swift in Sources */ = {isa = PBXBuildFile; fileRef = F7BB86312AD8FE85004BD57D /* ReviewObjectView.swift */; };
		F7BFA7F72ACE090C00B729AD /* KratesApp.swift in Sources */ = {isa = PBXBuildFile; fileRef = F7BFA7F62ACE090C00B729AD /* KratesApp.swift */; };
		F7BFA7FB2ACE090E00B729AD /* Assets.xcassets in Resources */ = {isa = PBXBuildFile; fileRef = F7BFA7FA2ACE090E00B729AD /* Assets.xcassets */; };
		F7BFA7FF2ACE090E00B729AD /* Preview Assets.xcassets in Resources */ = {isa = PBXBuildFile; fileRef = F7BFA7FE2ACE090E00B729AD /* Preview Assets.xcassets */; };
		F7BFA80B2ACE09F700B729AD /* HomeAlbumsView.swift in Sources */ = {isa = PBXBuildFile; fileRef = F7BFA80A2ACE09F700B729AD /* HomeAlbumsView.swift */; };
		F7BFA80D2ACE0A0500B729AD /* SearchView.swift in Sources */ = {isa = PBXBuildFile; fileRef = F7BFA80C2ACE0A0500B729AD /* SearchView.swift */; };
		F7BFA80F2ACE0A0F00B729AD /* SocialView.swift in Sources */ = {isa = PBXBuildFile; fileRef = F7BFA80E2ACE0A0F00B729AD /* SocialView.swift */; };
		F7BFA8112ACE0A1900B729AD /* ProfileView.swift in Sources */ = {isa = PBXBuildFile; fileRef = F7BFA8102ACE0A1900B729AD /* ProfileView.swift */; };
		F7BFA8192ACE0A9200B729AD /* TabControllerView.swift in Sources */ = {isa = PBXBuildFile; fileRef = F7BFA8182ACE0A9200B729AD /* TabControllerView.swift */; };
		F7BFA81B2ACFB26100B729AD /* Colors.swift in Sources */ = {isa = PBXBuildFile; fileRef = F7BFA81A2ACFB26100B729AD /* Colors.swift */; };
		F7BFA81D2ACFBE4400B729AD /* MenuPicker.swift in Sources */ = {isa = PBXBuildFile; fileRef = F7BFA81C2ACFBE4400B729AD /* MenuPicker.swift */; };
		F7BFA81F2ACFE69A00B729AD /* AlbumObjectView.swift in Sources */ = {isa = PBXBuildFile; fileRef = F7BFA81E2ACFE69A00B729AD /* AlbumObjectView.swift */; };
		F7BFA8212ACFE86900B729AD /* SpotifyObjects.swift in Sources */ = {isa = PBXBuildFile; fileRef = F7BFA8202ACFE86900B729AD /* SpotifyObjects.swift */; };
		F7BFA8232ACFE92700B729AD /* KrateObject.swift in Sources */ = {isa = PBXBuildFile; fileRef = F7BFA8222ACFE92700B729AD /* KrateObject.swift */; };
		F7BFA8262ACFEB9300B729AD /* ReviewObject.swift in Sources */ = {isa = PBXBuildFile; fileRef = F7BFA8252ACFEB9300B729AD /* ReviewObject.swift */; };
		F7BFA8282ACFECAC00B729AD /* UserObject.swift in Sources */ = {isa = PBXBuildFile; fileRef = F7BFA8272ACFECAC00B729AD /* UserObject.swift */; };
		F7BFA82A2AD0054400B729AD /* HomeKratesView.swift in Sources */ = {isa = PBXBuildFile; fileRef = F7BFA8292AD0054400B729AD /* HomeKratesView.swift */; };
		F7BFA82C2AD0056000B729AD /* HomeReviewsView.swift in Sources */ = {isa = PBXBuildFile; fileRef = F7BFA82B2AD0056000B729AD /* HomeReviewsView.swift */; };
/* End PBXBuildFile section */

/* Begin PBXFileReference section */
		F71C22122AEB624700E0F475 /* SpotifyAuthService.swift */ = {isa = PBXFileReference; lastKnownFileType = sourcecode.swift; path = SpotifyAuthService.swift; sourceTree = "<group>"; };
		F71C22142AEB7EA600E0F475 /* SpotifyAPIManager.swift */ = {isa = PBXFileReference; lastKnownFileType = sourcecode.swift; path = SpotifyAPIManager.swift; sourceTree = "<group>"; };
		F71C22162AF080CF00E0F475 /* ArtistObjectView.swift */ = {isa = PBXFileReference; lastKnownFileType = sourcecode.swift; path = ArtistObjectView.swift; sourceTree = "<group>"; };
		F7544D592AF189FA00D803CA /* GoogleService-Info.plist */ = {isa = PBXFileReference; fileEncoding = 4; lastKnownFileType = text.plist.xml; name = "GoogleService-Info.plist"; path = "../GoogleService-Info.plist"; sourceTree = "<group>"; };
		F7544D922AF19BCD00D803CA /* AuthViewModel.swift */ = {isa = PBXFileReference; lastKnownFileType = sourcecode.swift; path = AuthViewModel.swift; sourceTree = "<group>"; };
		F7544D952AF19CFF00D803CA /* ContentView.swift */ = {isa = PBXFileReference; lastKnownFileType = sourcecode.swift; path = ContentView.swift; sourceTree = "<group>"; };
		F7544D992AF1A5D700D803CA /* LoginView.swift */ = {isa = PBXFileReference; lastKnownFileType = sourcecode.swift; path = LoginView.swift; sourceTree = "<group>"; };
		F7544D9B2AF1A5ED00D803CA /* RegisterView.swift */ = {isa = PBXFileReference; lastKnownFileType = sourcecode.swift; path = RegisterView.swift; sourceTree = "<group>"; };
		F7544D9D2AF1A74F00D803CA /* RoundedShape.swift */ = {isa = PBXFileReference; lastKnownFileType = sourcecode.swift; path = RoundedShape.swift; sourceTree = "<group>"; };
		F7544D9F2AF1AD0100D803CA /* CustomInputField.swift */ = {isa = PBXFileReference; lastKnownFileType = sourcecode.swift; path = CustomInputField.swift; sourceTree = "<group>"; };
		F7544DA12AF1AEAC00D803CA /* AuthHeaderView.swift */ = {isa = PBXFileReference; lastKnownFileType = sourcecode.swift; path = AuthHeaderView.swift; sourceTree = "<group>"; };
		F7544DA32AF2B74400D803CA /* ProfilePhotoSelectorView.swift */ = {isa = PBXFileReference; lastKnownFileType = sourcecode.swift; path = ProfilePhotoSelectorView.swift; sourceTree = "<group>"; };
		F7544DA62AF2BBE700D803CA /* ImagePicker.swift */ = {isa = PBXFileReference; lastKnownFileType = sourcecode.swift; path = ImagePicker.swift; sourceTree = "<group>"; };
		F7544DA92AF2C50900D803CA /* imageUploader.swift */ = {isa = PBXFileReference; lastKnownFileType = sourcecode.swift; path = imageUploader.swift; sourceTree = "<group>"; };
		F7544DAB2AF2EEEA00D803CA /* UserService.swift */ = {isa = PBXFileReference; lastKnownFileType = sourcecode.swift; path = UserService.swift; sourceTree = "<group>"; };
		F7544DAF2AF3025700D803CA /* KrateFilterViewModel.swift */ = {isa = PBXFileReference; lastKnownFileType = sourcecode.swift; path = KrateFilterViewModel.swift; sourceTree = "<group>"; };
		F7544DB62AF353F100D803CA /* GridAlbumView.swift */ = {isa = PBXFileReference; lastKnownFileType = sourcecode.swift; path = GridAlbumView.swift; sourceTree = "<group>"; };
		F7544DB82AF3706A00D803CA /* createKrateView.swift */ = {isa = PBXFileReference; lastKnownFileType = sourcecode.swift; path = createKrateView.swift; sourceTree = "<group>"; };
		F7544DBC2AF380B100D803CA /* AlbumRowView.swift */ = {isa = PBXFileReference; lastKnownFileType = sourcecode.swift; path = AlbumRowView.swift; sourceTree = "<group>"; };
		F7544DBE2AF389E900D803CA /* SearchViewModel.swift */ = {isa = PBXFileReference; lastKnownFileType = sourcecode.swift; path = SearchViewModel.swift; sourceTree = "<group>"; };
		F7544DC02AF38C8700D803CA /* ProfileRowView.swift */ = {isa = PBXFileReference; lastKnownFileType = sourcecode.swift; path = ProfileRowView.swift; sourceTree = "<group>"; };
		F7544DC22AF38D5600D803CA /* SearchFilterViewModel.swift */ = {isa = PBXFileReference; lastKnownFileType = sourcecode.swift; path = SearchFilterViewModel.swift; sourceTree = "<group>"; };
		F754546C2AF41CE3000BDBAC /* SearchBar.swift */ = {isa = PBXFileReference; lastKnownFileType = sourcecode.swift; path = SearchBar.swift; sourceTree = "<group>"; };
		F754546E2AF42282000BDBAC /* KrateService.swift */ = {isa = PBXFileReference; lastKnownFileType = sourcecode.swift; path = KrateService.swift; sourceTree = "<group>"; };
		F75454712AF42570000BDBAC /* UploadKrateViewModel.swift */ = {isa = PBXFileReference; lastKnownFileType = sourcecode.swift; path = UploadKrateViewModel.swift; sourceTree = "<group>"; };
		F7BB86272AD13A9B004BD57D /* KrateRowCell.swift */ = {isa = PBXFileReference; lastKnownFileType = sourcecode.swift; path = KrateRowCell.swift; sourceTree = "<group>"; };
		F7BB862B2AD4BA06004BD57D /* HomeViewController.swift */ = {isa = PBXFileReference; lastKnownFileType = sourcecode.swift; path = HomeViewController.swift; sourceTree = "<group>"; };
		F7BB862D2AD4F164004BD57D /* KrateObjectView.swift */ = {isa = PBXFileReference; lastKnownFileType = sourcecode.swift; path = KrateObjectView.swift; sourceTree = "<group>"; };
		F7BB862F2AD4F1D6004BD57D /* ProfileVisitingView.swift */ = {isa = PBXFileReference; lastKnownFileType = sourcecode.swift; path = ProfileVisitingView.swift; sourceTree = "<group>"; };
		F7BB86312AD8FE85004BD57D /* ReviewObjectView.swift */ = {isa = PBXFileReference; lastKnownFileType = sourcecode.swift; path = ReviewObjectView.swift; sourceTree = "<group>"; };
		F7BFA7F32ACE090C00B729AD /* Krates.app */ = {isa = PBXFileReference; explicitFileType = wrapper.application; includeInIndex = 0; path = Krates.app; sourceTree = BUILT_PRODUCTS_DIR; };
		F7BFA7F62ACE090C00B729AD /* KratesApp.swift */ = {isa = PBXFileReference; lastKnownFileType = sourcecode.swift; path = KratesApp.swift; sourceTree = "<group>"; };
		F7BFA7FA2ACE090E00B729AD /* Assets.xcassets */ = {isa = PBXFileReference; lastKnownFileType = folder.assetcatalog; path = Assets.xcassets; sourceTree = "<group>"; };
		F7BFA7FC2ACE090E00B729AD /* Krates.entitlements */ = {isa = PBXFileReference; lastKnownFileType = text.plist.entitlements; path = Krates.entitlements; sourceTree = "<group>"; };
		F7BFA7FE2ACE090E00B729AD /* Preview Assets.xcassets */ = {isa = PBXFileReference; lastKnownFileType = folder.assetcatalog; path = "Preview Assets.xcassets"; sourceTree = "<group>"; };
		F7BFA80A2ACE09F700B729AD /* HomeAlbumsView.swift */ = {isa = PBXFileReference; lastKnownFileType = sourcecode.swift; path = HomeAlbumsView.swift; sourceTree = "<group>"; };
		F7BFA80C2ACE0A0500B729AD /* SearchView.swift */ = {isa = PBXFileReference; lastKnownFileType = sourcecode.swift; path = SearchView.swift; sourceTree = "<group>"; };
		F7BFA80E2ACE0A0F00B729AD /* SocialView.swift */ = {isa = PBXFileReference; lastKnownFileType = sourcecode.swift; path = SocialView.swift; sourceTree = "<group>"; };
		F7BFA8102ACE0A1900B729AD /* ProfileView.swift */ = {isa = PBXFileReference; lastKnownFileType = sourcecode.swift; path = ProfileView.swift; sourceTree = "<group>"; };
		F7BFA8182ACE0A9200B729AD /* TabControllerView.swift */ = {isa = PBXFileReference; lastKnownFileType = sourcecode.swift; path = TabControllerView.swift; sourceTree = "<group>"; };
		F7BFA81A2ACFB26100B729AD /* Colors.swift */ = {isa = PBXFileReference; lastKnownFileType = sourcecode.swift; path = Colors.swift; sourceTree = "<group>"; };
		F7BFA81C2ACFBE4400B729AD /* MenuPicker.swift */ = {isa = PBXFileReference; lastKnownFileType = sourcecode.swift; path = MenuPicker.swift; sourceTree = "<group>"; };
		F7BFA81E2ACFE69A00B729AD /* AlbumObjectView.swift */ = {isa = PBXFileReference; lastKnownFileType = sourcecode.swift; path = AlbumObjectView.swift; sourceTree = "<group>"; };
		F7BFA8202ACFE86900B729AD /* SpotifyObjects.swift */ = {isa = PBXFileReference; lastKnownFileType = sourcecode.swift; path = SpotifyObjects.swift; sourceTree = "<group>"; };
		F7BFA8222ACFE92700B729AD /* KrateObject.swift */ = {isa = PBXFileReference; lastKnownFileType = sourcecode.swift; path = KrateObject.swift; sourceTree = "<group>"; };
		F7BFA8252ACFEB9300B729AD /* ReviewObject.swift */ = {isa = PBXFileReference; lastKnownFileType = sourcecode.swift; path = ReviewObject.swift; sourceTree = "<group>"; };
		F7BFA8272ACFECAC00B729AD /* UserObject.swift */ = {isa = PBXFileReference; lastKnownFileType = sourcecode.swift; path = UserObject.swift; sourceTree = "<group>"; };
		F7BFA8292AD0054400B729AD /* HomeKratesView.swift */ = {isa = PBXFileReference; lastKnownFileType = sourcecode.swift; path = HomeKratesView.swift; sourceTree = "<group>"; };
		F7BFA82B2AD0056000B729AD /* HomeReviewsView.swift */ = {isa = PBXFileReference; lastKnownFileType = sourcecode.swift; path = HomeReviewsView.swift; sourceTree = "<group>"; };
/* End PBXFileReference section */

/* Begin PBXFrameworksBuildPhase section */
		F7BFA7F02ACE090C00B729AD /* Frameworks */ = {
			isa = PBXFrameworksBuildPhase;
			buildActionMask = 2147483647;
			files = (
				F7544D6F2AF18E5B00D803CA /* FirebaseDatabase in Frameworks */,
				F7544D7D2AF18E5B00D803CA /* FirebaseFunctionsCombine-Community in Frameworks */,
				F7544D752AF18E5B00D803CA /* FirebaseFirestore in Frameworks */,
				F7544D612AF18E5B00D803CA /* FirebaseAnalyticsSwift in Frameworks */,
				F7544D5D2AF18E5B00D803CA /* FirebaseAnalytics in Frameworks */,
				F7544D5F2AF18E5B00D803CA /* FirebaseAnalyticsOnDeviceConversion in Frameworks */,
				F7544D852AF18E5B00D803CA /* FirebaseMLModelDownloader in Frameworks */,
				F7544D792AF18E5B00D803CA /* FirebaseFirestoreSwift in Frameworks */,
				F7544D652AF18E5B00D803CA /* FirebaseAppCheck in Frameworks */,
				F7544D632AF18E5B00D803CA /* FirebaseAnalyticsWithoutAdIdSupport in Frameworks */,
				F7544D692AF18E5B00D803CA /* FirebaseAuth in Frameworks */,
				F7544D6D2AF18E5B00D803CA /* FirebaseCrashlytics in Frameworks */,
				F7544D8D2AF18E5B00D803CA /* FirebaseRemoteConfigSwift in Frameworks */,
				F7544D7F2AF18E5B00D803CA /* FirebaseInAppMessaging-Beta in Frameworks */,
				F7544D712AF18E5B00D803CA /* FirebaseDatabaseSwift in Frameworks */,
				F7544D7B2AF18E5B00D803CA /* FirebaseFunctions in Frameworks */,
				F7544DB32AF32C0400D803CA /* Kingfisher in Frameworks */,
				F7544D912AF18E5B00D803CA /* FirebaseStorageCombine-Community in Frameworks */,
				F7544D8B2AF18E5B00D803CA /* FirebaseRemoteConfig in Frameworks */,
				F7544D672AF18E5B00D803CA /* FirebaseAppDistribution-Beta in Frameworks */,
				F7544D6B2AF18E5B00D803CA /* FirebaseAuthCombine-Community in Frameworks */,
				F7544D892AF18E5B00D803CA /* FirebasePerformance in Frameworks */,
				F7544D812AF18E5B00D803CA /* FirebaseInAppMessagingSwift-Beta in Frameworks */,
				F7544D8F2AF18E5B00D803CA /* FirebaseStorage in Frameworks */,
				F7544D732AF18E5B00D803CA /* FirebaseDynamicLinks in Frameworks */,
				F7544D772AF18E5B00D803CA /* FirebaseFirestoreCombine-Community in Frameworks */,
				F7544D872AF18E5B00D803CA /* FirebaseMessaging in Frameworks */,
				F7544D832AF18E5B00D803CA /* FirebaseInstallations in Frameworks */,
			);
			runOnlyForDeploymentPostprocessing = 0;
		};
/* End PBXFrameworksBuildPhase section */

/* Begin PBXGroup section */
		F71C22112AEB622E00E0F475 /* Spotify */ = {
			isa = PBXGroup;
			children = (
				F71C22122AEB624700E0F475 /* SpotifyAuthService.swift */,
				F71C22142AEB7EA600E0F475 /* SpotifyAPIManager.swift */,
			);
			path = Spotify;
			sourceTree = "<group>";
		};
		F71C22912AF1824900E0F475 /* Firebase */ = {
			isa = PBXGroup;
			children = (
				F7544D942AF19BD500D803CA /* Authentication */,
			);
			path = Firebase;
			sourceTree = "<group>";
		};
		F7544D942AF19BD500D803CA /* Authentication */ = {
			isa = PBXGroup;
			children = (
				F7544D982AF1A5AA00D803CA /* views */,
				F7544D972AF1A59A00D803CA /* viewModel */,
			);
			path = Authentication;
			sourceTree = "<group>";
		};
		F7544D972AF1A59A00D803CA /* viewModel */ = {
			isa = PBXGroup;
			children = (
				F7544D922AF19BCD00D803CA /* AuthViewModel.swift */,
			);
			path = viewModel;
			sourceTree = "<group>";
		};
		F7544D982AF1A5AA00D803CA /* views */ = {
			isa = PBXGroup;
			children = (
				F7544D992AF1A5D700D803CA /* LoginView.swift */,
				F7544D9B2AF1A5ED00D803CA /* RegisterView.swift */,
				F7544D9D2AF1A74F00D803CA /* RoundedShape.swift */,
				F7544D9F2AF1AD0100D803CA /* CustomInputField.swift */,
				F7544DA12AF1AEAC00D803CA /* AuthHeaderView.swift */,
				F7544DA32AF2B74400D803CA /* ProfilePhotoSelectorView.swift */,
			);
			path = views;
			sourceTree = "<group>";
		};
		F7544DA52AF2BBD600D803CA /* Utility */ = {
			isa = PBXGroup;
			children = (
				F7544DA62AF2BBE700D803CA /* ImagePicker.swift */,
			);
			path = Utility;
			sourceTree = "<group>";
		};
		F7544DA82AF2C4E500D803CA /* Service */ = {
			isa = PBXGroup;
			children = (
				F7544DA92AF2C50900D803CA /* imageUploader.swift */,
				F7544DAB2AF2EEEA00D803CA /* UserService.swift */,
				F754546E2AF42282000BDBAC /* KrateService.swift */,
			);
			path = Service;
			sourceTree = "<group>";
		};
		F7544DBA2AF37FD400D803CA /* ViewModels */ = {
			isa = PBXGroup;
			children = (
				F7544DBE2AF389E900D803CA /* SearchViewModel.swift */,
				F7544DC22AF38D5600D803CA /* SearchFilterViewModel.swift */,
			);
			path = ViewModels;
			sourceTree = "<group>";
		};
		F7544DBB2AF37FE500D803CA /* Views */ = {
			isa = PBXGroup;
			children = (
				F7BFA80C2ACE0A0500B729AD /* SearchView.swift */,
			);
			path = Views;
			sourceTree = "<group>";
		};
		F754546B2AF41CD2000BDBAC /* ReusableComponents */ = {
			isa = PBXGroup;
			children = (
				F7BFA81C2ACFBE4400B729AD /* MenuPicker.swift */,
				F754546C2AF41CE3000BDBAC /* SearchBar.swift */,
			);
			path = ReusableComponents;
			sourceTree = "<group>";
		};
		F75454702AF42562000BDBAC /* ViewModels */ = {
			isa = PBXGroup;
			children = (
				F75454712AF42570000BDBAC /* UploadKrateViewModel.swift */,
			);
			path = ViewModels;
			sourceTree = "<group>";
		};
		F75454732AF42655000BDBAC /* Views */ = {
			isa = PBXGroup;
			children = (
				F7BFA8102ACE0A1900B729AD /* ProfileView.swift */,
				F7BB862F2AD4F1D6004BD57D /* ProfileVisitingView.swift */,
				F7544DAF2AF3025700D803CA /* KrateFilterViewModel.swift */,
				F7544DC02AF38C8700D803CA /* ProfileRowView.swift */,
				F7544DB82AF3706A00D803CA /* createKrateView.swift */,
			);
			path = Views;
			sourceTree = "<group>";
		};
		F7BFA7EA2ACE090C00B729AD = {
			isa = PBXGroup;
			children = (
				F7544D592AF189FA00D803CA /* GoogleService-Info.plist */,
				F7BFA7F52ACE090C00B729AD /* Krates */,
				F7BFA7F42ACE090C00B729AD /* Products */,
			);
			sourceTree = "<group>";
		};
		F7BFA7F42ACE090C00B729AD /* Products */ = {
			isa = PBXGroup;
			children = (
				F7BFA7F32ACE090C00B729AD /* Krates.app */,
			);
			name = Products;
			sourceTree = "<group>";
		};
		F7BFA7F52ACE090C00B729AD /* Krates */ = {
			isa = PBXGroup;
			children = (
				F7544DA82AF2C4E500D803CA /* Service */,
				F7544DA52AF2BBD600D803CA /* Utility */,
				F7BFA8052ACE098B00B729AD /* Core */,
				F71C22912AF1824900E0F475 /* Firebase */,
				F71C22112AEB622E00E0F475 /* Spotify */,
				F7BFA7F62ACE090C00B729AD /* KratesApp.swift */,
				F7BFA8182ACE0A9200B729AD /* TabControllerView.swift */,
				F7544D952AF19CFF00D803CA /* ContentView.swift */,
				F7BFA7FA2ACE090E00B729AD /* Assets.xcassets */,
				F7BFA7FC2ACE090E00B729AD /* Krates.entitlements */,
				F7BFA7FD2ACE090E00B729AD /* Preview Content */,
			);
			path = Krates;
			sourceTree = "<group>";
		};
		F7BFA7FD2ACE090E00B729AD /* Preview Content */ = {
			isa = PBXGroup;
			children = (
				F7BFA7FE2ACE090E00B729AD /* Preview Assets.xcassets */,
			);
			path = "Preview Content";
			sourceTree = "<group>";
		};
		F7BFA8052ACE098B00B729AD /* Core */ = {
			isa = PBXGroup;
			children = (
				F7BFA8122ACE0A2E00B729AD /* Components */,
				F7BFA8092ACE09B300B729AD /* Profile */,
				F7BFA8082ACE09B000B729AD /* Social */,
				F7BFA8072ACE09AC00B729AD /* Search */,
				F7BFA8062ACE09A800B729AD /* Home */,
			);
			path = Core;
			sourceTree = "<group>";
		};
		F7BFA8062ACE09A800B729AD /* Home */ = {
			isa = PBXGroup;
			children = (
				F7BFA80A2ACE09F700B729AD /* HomeAlbumsView.swift */,
				F7BFA8292AD0054400B729AD /* HomeKratesView.swift */,
				F7BFA82B2AD0056000B729AD /* HomeReviewsView.swift */,
				F7BB862B2AD4BA06004BD57D /* HomeViewController.swift */,
			);
			path = Home;
			sourceTree = "<group>";
		};
		F7BFA8072ACE09AC00B729AD /* Search */ = {
			isa = PBXGroup;
			children = (
				F7544DBB2AF37FE500D803CA /* Views */,
				F7544DBA2AF37FD400D803CA /* ViewModels */,
			);
			path = Search;
			sourceTree = "<group>";
		};
		F7BFA8082ACE09B000B729AD /* Social */ = {
			isa = PBXGroup;
			children = (
				F7BFA80E2ACE0A0F00B729AD /* SocialView.swift */,
			);
			path = Social;
			sourceTree = "<group>";
		};
		F7BFA8092ACE09B300B729AD /* Profile */ = {
			isa = PBXGroup;
			children = (
				F75454732AF42655000BDBAC /* Views */,
				F75454702AF42562000BDBAC /* ViewModels */,
			);
			path = Profile;
			sourceTree = "<group>";
		};
		F7BFA8122ACE0A2E00B729AD /* Components */ = {
			isa = PBXGroup;
			children = (
				F754546B2AF41CD2000BDBAC /* ReusableComponents */,
				F7BFA8242ACFEB6A00B729AD /* Reviews */,
				F7BFA8152ACE0A6800B729AD /* Artists */,
				F7BFA8142ACE0A5F00B729AD /* Krates */,
				F7BFA8132ACE0A5000B729AD /* Albums */,
				F7BFA81A2ACFB26100B729AD /* Colors.swift */,
				F7BFA8272ACFECAC00B729AD /* UserObject.swift */,
			);
			path = Components;
			sourceTree = "<group>";
		};
		F7BFA8132ACE0A5000B729AD /* Albums */ = {
			isa = PBXGroup;
			children = (
				F7BFA81E2ACFE69A00B729AD /* AlbumObjectView.swift */,
				F7BFA8202ACFE86900B729AD /* SpotifyObjects.swift */,
				F7544DBC2AF380B100D803CA /* AlbumRowView.swift */,
			);
			path = Albums;
			sourceTree = "<group>";
		};
		F7BFA8142ACE0A5F00B729AD /* Krates */ = {
			isa = PBXGroup;
			children = (
				F7BFA8222ACFE92700B729AD /* KrateObject.swift */,
				F7BB86272AD13A9B004BD57D /* KrateRowCell.swift */,
				F7BB862D2AD4F164004BD57D /* KrateObjectView.swift */,
				F7544DB62AF353F100D803CA /* GridAlbumView.swift */,
			);
			path = Krates;
			sourceTree = "<group>";
		};
		F7BFA8152ACE0A6800B729AD /* Artists */ = {
			isa = PBXGroup;
			children = (
				F71C22162AF080CF00E0F475 /* ArtistObjectView.swift */,
			);
			path = Artists;
			sourceTree = "<group>";
		};
		F7BFA8242ACFEB6A00B729AD /* Reviews */ = {
			isa = PBXGroup;
			children = (
				F7BFA8252ACFEB9300B729AD /* ReviewObject.swift */,
				F7BB86312AD8FE85004BD57D /* ReviewObjectView.swift */,
			);
			path = Reviews;
			sourceTree = "<group>";
		};
/* End PBXGroup section */

/* Begin PBXNativeTarget section */
		F7BFA7F22ACE090C00B729AD /* Krates */ = {
			isa = PBXNativeTarget;
			buildConfigurationList = F7BFA8022ACE090E00B729AD /* Build configuration list for PBXNativeTarget "Krates" */;
			buildPhases = (
				F7BFA7EF2ACE090C00B729AD /* Sources */,
				F7BFA7F02ACE090C00B729AD /* Frameworks */,
				F7BFA7F12ACE090C00B729AD /* Resources */,
			);
			buildRules = (
			);
			dependencies = (
			);
			name = Krates;
			packageProductDependencies = (
				F7544D5C2AF18E5B00D803CA /* FirebaseAnalytics */,
				F7544D5E2AF18E5B00D803CA /* FirebaseAnalyticsOnDeviceConversion */,
				F7544D602AF18E5B00D803CA /* FirebaseAnalyticsSwift */,
				F7544D622AF18E5B00D803CA /* FirebaseAnalyticsWithoutAdIdSupport */,
				F7544D642AF18E5B00D803CA /* FirebaseAppCheck */,
				F7544D662AF18E5B00D803CA /* FirebaseAppDistribution-Beta */,
				F7544D682AF18E5B00D803CA /* FirebaseAuth */,
				F7544D6A2AF18E5B00D803CA /* FirebaseAuthCombine-Community */,
				F7544D6C2AF18E5B00D803CA /* FirebaseCrashlytics */,
				F7544D6E2AF18E5B00D803CA /* FirebaseDatabase */,
				F7544D702AF18E5B00D803CA /* FirebaseDatabaseSwift */,
				F7544D722AF18E5B00D803CA /* FirebaseDynamicLinks */,
				F7544D742AF18E5B00D803CA /* FirebaseFirestore */,
				F7544D762AF18E5B00D803CA /* FirebaseFirestoreCombine-Community */,
				F7544D782AF18E5B00D803CA /* FirebaseFirestoreSwift */,
				F7544D7A2AF18E5B00D803CA /* FirebaseFunctions */,
				F7544D7C2AF18E5B00D803CA /* FirebaseFunctionsCombine-Community */,
				F7544D7E2AF18E5B00D803CA /* FirebaseInAppMessaging-Beta */,
				F7544D802AF18E5B00D803CA /* FirebaseInAppMessagingSwift-Beta */,
				F7544D822AF18E5B00D803CA /* FirebaseInstallations */,
				F7544D842AF18E5B00D803CA /* FirebaseMLModelDownloader */,
				F7544D862AF18E5B00D803CA /* FirebaseMessaging */,
				F7544D882AF18E5B00D803CA /* FirebasePerformance */,
				F7544D8A2AF18E5B00D803CA /* FirebaseRemoteConfig */,
				F7544D8C2AF18E5B00D803CA /* FirebaseRemoteConfigSwift */,
				F7544D8E2AF18E5B00D803CA /* FirebaseStorage */,
				F7544D902AF18E5B00D803CA /* FirebaseStorageCombine-Community */,
				F7544DB22AF32C0400D803CA /* Kingfisher */,
			);
			productName = Krates;
			productReference = F7BFA7F32ACE090C00B729AD /* Krates.app */;
			productType = "com.apple.product-type.application";
		};
/* End PBXNativeTarget section */

/* Begin PBXProject section */
		F7BFA7EB2ACE090C00B729AD /* Project object */ = {
			isa = PBXProject;
			attributes = {
				BuildIndependentTargetsInParallel = 1;
				LastSwiftUpdateCheck = 1500;
				LastUpgradeCheck = 1500;
				TargetAttributes = {
					F7BFA7F22ACE090C00B729AD = {
						CreatedOnToolsVersion = 15.0;
					};
				};
			};
			buildConfigurationList = F7BFA7EE2ACE090C00B729AD /* Build configuration list for PBXProject "Krates" */;
			compatibilityVersion = "Xcode 14.0";
			developmentRegion = en;
			hasScannedForEncodings = 0;
			knownRegions = (
				en,
				Base,
			);
			mainGroup = F7BFA7EA2ACE090C00B729AD;
			packageReferences = (
				F7544D5B2AF18E5B00D803CA /* XCRemoteSwiftPackageReference "firebase-ios-sdk" */,
				F7544DB12AF32C0400D803CA /* XCRemoteSwiftPackageReference "Kingfisher" */,
			);
			productRefGroup = F7BFA7F42ACE090C00B729AD /* Products */;
			projectDirPath = "";
			projectRoot = "";
			targets = (
				F7BFA7F22ACE090C00B729AD /* Krates */,
			);
		};
/* End PBXProject section */

/* Begin PBXResourcesBuildPhase section */
		F7BFA7F12ACE090C00B729AD /* Resources */ = {
			isa = PBXResourcesBuildPhase;
			buildActionMask = 2147483647;
			files = (
				F7BFA7FF2ACE090E00B729AD /* Preview Assets.xcassets in Resources */,
				F7BFA7FB2ACE090E00B729AD /* Assets.xcassets in Resources */,
				F7544D5A2AF189FA00D803CA /* GoogleService-Info.plist in Resources */,
			);
			runOnlyForDeploymentPostprocessing = 0;
		};
/* End PBXResourcesBuildPhase section */

/* Begin PBXSourcesBuildPhase section */
		F7BFA7EF2ACE090C00B729AD /* Sources */ = {
			isa = PBXSourcesBuildPhase;
			buildActionMask = 2147483647;
			files = (
				F754546F2AF42282000BDBAC /* KrateService.swift in Sources */,
				F7BFA8192ACE0A9200B729AD /* TabControllerView.swift in Sources */,
				F71C22132AEB624700E0F475 /* SpotifyAuthService.swift in Sources */,
				F7BB86322AD8FE85004BD57D /* ReviewObjectView.swift in Sources */,
				F7544DC32AF38D5600D803CA /* SearchFilterViewModel.swift in Sources */,
				F71C22152AEB7EA600E0F475 /* SpotifyAPIManager.swift in Sources */,
				F7BFA81B2ACFB26100B729AD /* Colors.swift in Sources */,
				F7BFA80D2ACE0A0500B729AD /* SearchView.swift in Sources */,
				F7544DAC2AF2EEEA00D803CA /* UserService.swift in Sources */,
				F7BB862C2AD4BA06004BD57D /* HomeViewController.swift in Sources */,
				F7544D9E2AF1A74F00D803CA /* RoundedShape.swift in Sources */,
				F7BFA8282ACFECAC00B729AD /* UserObject.swift in Sources */,
				F7BFA80F2ACE0A0F00B729AD /* SocialView.swift in Sources */,
				F7544D9C2AF1A5ED00D803CA /* RegisterView.swift in Sources */,
				F7544D962AF19CFF00D803CA /* ContentView.swift in Sources */,
				F7BFA80B2ACE09F700B729AD /* HomeAlbumsView.swift in Sources */,
				F7544DA72AF2BBE700D803CA /* ImagePicker.swift in Sources */,
				F7544DB92AF3706A00D803CA /* createKrateView.swift in Sources */,
				F7544DA22AF1AEAC00D803CA /* AuthHeaderView.swift in Sources */,
				F7BFA82C2AD0056000B729AD /* HomeReviewsView.swift in Sources */,
				F7544DBF2AF389E900D803CA /* SearchViewModel.swift in Sources */,
				F71C22172AF080CF00E0F475 /* ArtistObjectView.swift in Sources */,
				F7BFA8112ACE0A1900B729AD /* ProfileView.swift in Sources */,
				F7544DB02AF3025700D803CA /* KrateFilterViewModel.swift in Sources */,
				F7BFA82A2AD0054400B729AD /* HomeKratesView.swift in Sources */,
				F7BFA81D2ACFBE4400B729AD /* MenuPicker.swift in Sources */,
				F7BB86302AD4F1D6004BD57D /* ProfileVisitingView.swift in Sources */,
				F7BFA8232ACFE92700B729AD /* KrateObject.swift in Sources */,
				F7BFA7F72ACE090C00B729AD /* KratesApp.swift in Sources */,
				F7544DA42AF2B74400D803CA /* ProfilePhotoSelectorView.swift in Sources */,
				F7BB86282AD13A9B004BD57D /* KrateRowCell.swift in Sources */,
				F7544D9A2AF1A5D700D803CA /* LoginView.swift in Sources */,
				F7544DBD2AF380B100D803CA /* AlbumRowView.swift in Sources */,
				F7544D932AF19BCD00D803CA /* AuthViewModel.swift in Sources */,
				F7BFA8212ACFE86900B729AD /* SpotifyObjects.swift in Sources */,
				F7544DA02AF1AD0100D803CA /* CustomInputField.swift in Sources */,
				F754546D2AF41CE3000BDBAC /* SearchBar.swift in Sources */,
				F75454722AF42570000BDBAC /* UploadKrateViewModel.swift in Sources */,
				F7BB862E2AD4F164004BD57D /* KrateObjectView.swift in Sources */,
				F7544DC12AF38C8700D803CA /* ProfileRowView.swift in Sources */,
				F7544DB72AF353F100D803CA /* GridAlbumView.swift in Sources */,
				F7BFA8262ACFEB9300B729AD /* ReviewObject.swift in Sources */,
				F7544DAA2AF2C50900D803CA /* imageUploader.swift in Sources */,
				F7BFA81F2ACFE69A00B729AD /* AlbumObjectView.swift in Sources */,
			);
			runOnlyForDeploymentPostprocessing = 0;
		};
/* End PBXSourcesBuildPhase section */

/* Begin XCBuildConfiguration section */
		F7BFA8002ACE090E00B729AD /* Debug */ = {
			isa = XCBuildConfiguration;
			buildSettings = {
				ALWAYS_SEARCH_USER_PATHS = NO;
				ASSETCATALOG_COMPILER_GENERATE_SWIFT_ASSET_SYMBOL_EXTENSIONS = YES;
				CLANG_ANALYZER_NONNULL = YES;
				CLANG_ANALYZER_NUMBER_OBJECT_CONVERSION = YES_AGGRESSIVE;
				CLANG_CXX_LANGUAGE_STANDARD = "gnu++20";
				CLANG_ENABLE_MODULES = YES;
				CLANG_ENABLE_OBJC_ARC = YES;
				CLANG_ENABLE_OBJC_WEAK = YES;
				CLANG_WARN_BLOCK_CAPTURE_AUTORELEASING = YES;
				CLANG_WARN_BOOL_CONVERSION = YES;
				CLANG_WARN_COMMA = YES;
				CLANG_WARN_CONSTANT_CONVERSION = YES;
				CLANG_WARN_DEPRECATED_OBJC_IMPLEMENTATIONS = YES;
				CLANG_WARN_DIRECT_OBJC_ISA_USAGE = YES_ERROR;
				CLANG_WARN_DOCUMENTATION_COMMENTS = YES;
				CLANG_WARN_EMPTY_BODY = YES;
				CLANG_WARN_ENUM_CONVERSION = YES;
				CLANG_WARN_INFINITE_RECURSION = YES;
				CLANG_WARN_INT_CONVERSION = YES;
				CLANG_WARN_NON_LITERAL_NULL_CONVERSION = YES;
				CLANG_WARN_OBJC_IMPLICIT_RETAIN_SELF = YES;
				CLANG_WARN_OBJC_LITERAL_CONVERSION = YES;
				CLANG_WARN_OBJC_ROOT_CLASS = YES_ERROR;
				CLANG_WARN_QUOTED_INCLUDE_IN_FRAMEWORK_HEADER = YES;
				CLANG_WARN_RANGE_LOOP_ANALYSIS = YES;
				CLANG_WARN_STRICT_PROTOTYPES = YES;
				CLANG_WARN_SUSPICIOUS_MOVE = YES;
				CLANG_WARN_UNGUARDED_AVAILABILITY = YES_AGGRESSIVE;
				CLANG_WARN_UNREACHABLE_CODE = YES;
				CLANG_WARN__DUPLICATE_METHOD_MATCH = YES;
				COPY_PHASE_STRIP = NO;
				DEBUG_INFORMATION_FORMAT = dwarf;
				ENABLE_STRICT_OBJC_MSGSEND = YES;
				ENABLE_TESTABILITY = YES;
				ENABLE_USER_SCRIPT_SANDBOXING = YES;
				GCC_C_LANGUAGE_STANDARD = gnu17;
				GCC_DYNAMIC_NO_PIC = NO;
				GCC_NO_COMMON_BLOCKS = YES;
				GCC_OPTIMIZATION_LEVEL = 0;
				GCC_PREPROCESSOR_DEFINITIONS = (
					"DEBUG=1",
					"$(inherited)",
				);
				GCC_WARN_64_TO_32_BIT_CONVERSION = YES;
				GCC_WARN_ABOUT_RETURN_TYPE = YES_ERROR;
				GCC_WARN_UNDECLARED_SELECTOR = YES;
				GCC_WARN_UNINITIALIZED_AUTOS = YES_AGGRESSIVE;
				GCC_WARN_UNUSED_FUNCTION = YES;
				GCC_WARN_UNUSED_VARIABLE = YES;
				LOCALIZATION_PREFERS_STRING_CATALOGS = YES;
				MTL_ENABLE_DEBUG_INFO = INCLUDE_SOURCE;
				MTL_FAST_MATH = YES;
				ONLY_ACTIVE_ARCH = YES;
				SWIFT_ACTIVE_COMPILATION_CONDITIONS = "DEBUG $(inherited)";
				SWIFT_OPTIMIZATION_LEVEL = "-Onone";
			};
			name = Debug;
		};
		F7BFA8012ACE090E00B729AD /* Release */ = {
			isa = XCBuildConfiguration;
			buildSettings = {
				ALWAYS_SEARCH_USER_PATHS = NO;
				ASSETCATALOG_COMPILER_GENERATE_SWIFT_ASSET_SYMBOL_EXTENSIONS = YES;
				CLANG_ANALYZER_NONNULL = YES;
				CLANG_ANALYZER_NUMBER_OBJECT_CONVERSION = YES_AGGRESSIVE;
				CLANG_CXX_LANGUAGE_STANDARD = "gnu++20";
				CLANG_ENABLE_MODULES = YES;
				CLANG_ENABLE_OBJC_ARC = YES;
				CLANG_ENABLE_OBJC_WEAK = YES;
				CLANG_WARN_BLOCK_CAPTURE_AUTORELEASING = YES;
				CLANG_WARN_BOOL_CONVERSION = YES;
				CLANG_WARN_COMMA = YES;
				CLANG_WARN_CONSTANT_CONVERSION = YES;
				CLANG_WARN_DEPRECATED_OBJC_IMPLEMENTATIONS = YES;
				CLANG_WARN_DIRECT_OBJC_ISA_USAGE = YES_ERROR;
				CLANG_WARN_DOCUMENTATION_COMMENTS = YES;
				CLANG_WARN_EMPTY_BODY = YES;
				CLANG_WARN_ENUM_CONVERSION = YES;
				CLANG_WARN_INFINITE_RECURSION = YES;
				CLANG_WARN_INT_CONVERSION = YES;
				CLANG_WARN_NON_LITERAL_NULL_CONVERSION = YES;
				CLANG_WARN_OBJC_IMPLICIT_RETAIN_SELF = YES;
				CLANG_WARN_OBJC_LITERAL_CONVERSION = YES;
				CLANG_WARN_OBJC_ROOT_CLASS = YES_ERROR;
				CLANG_WARN_QUOTED_INCLUDE_IN_FRAMEWORK_HEADER = YES;
				CLANG_WARN_RANGE_LOOP_ANALYSIS = YES;
				CLANG_WARN_STRICT_PROTOTYPES = YES;
				CLANG_WARN_SUSPICIOUS_MOVE = YES;
				CLANG_WARN_UNGUARDED_AVAILABILITY = YES_AGGRESSIVE;
				CLANG_WARN_UNREACHABLE_CODE = YES;
				CLANG_WARN__DUPLICATE_METHOD_MATCH = YES;
				COPY_PHASE_STRIP = NO;
				DEBUG_INFORMATION_FORMAT = "dwarf-with-dsym";
				ENABLE_NS_ASSERTIONS = NO;
				ENABLE_STRICT_OBJC_MSGSEND = YES;
				ENABLE_USER_SCRIPT_SANDBOXING = YES;
				GCC_C_LANGUAGE_STANDARD = gnu17;
				GCC_NO_COMMON_BLOCKS = YES;
				GCC_WARN_64_TO_32_BIT_CONVERSION = YES;
				GCC_WARN_ABOUT_RETURN_TYPE = YES_ERROR;
				GCC_WARN_UNDECLARED_SELECTOR = YES;
				GCC_WARN_UNINITIALIZED_AUTOS = YES_AGGRESSIVE;
				GCC_WARN_UNUSED_FUNCTION = YES;
				GCC_WARN_UNUSED_VARIABLE = YES;
				LOCALIZATION_PREFERS_STRING_CATALOGS = YES;
				MTL_ENABLE_DEBUG_INFO = NO;
				MTL_FAST_MATH = YES;
				SWIFT_COMPILATION_MODE = wholemodule;
			};
			name = Release;
		};
		F7BFA8032ACE090E00B729AD /* Debug */ = {
			isa = XCBuildConfiguration;
			buildSettings = {
				ASSETCATALOG_COMPILER_APPICON_NAME = AppIcon;
				ASSETCATALOG_COMPILER_GLOBAL_ACCENT_COLOR_NAME = AccentColor;
				CODE_SIGN_ENTITLEMENTS = Krates/Krates.entitlements;
				CODE_SIGN_STYLE = Automatic;
				CURRENT_PROJECT_VERSION = 1;
				DEVELOPMENT_ASSET_PATHS = "\"Krates/Preview Content\"";
				ENABLE_PREVIEWS = YES;
				GENERATE_INFOPLIST_FILE = YES;
				"INFOPLIST_KEY_UIApplicationSceneManifest_Generation[sdk=iphoneos*]" = YES;
				"INFOPLIST_KEY_UIApplicationSceneManifest_Generation[sdk=iphonesimulator*]" = YES;
				"INFOPLIST_KEY_UIApplicationSupportsIndirectInputEvents[sdk=iphoneos*]" = YES;
				"INFOPLIST_KEY_UIApplicationSupportsIndirectInputEvents[sdk=iphonesimulator*]" = YES;
				"INFOPLIST_KEY_UILaunchScreen_Generation[sdk=iphoneos*]" = YES;
				"INFOPLIST_KEY_UILaunchScreen_Generation[sdk=iphonesimulator*]" = YES;
				"INFOPLIST_KEY_UIStatusBarStyle[sdk=iphoneos*]" = UIStatusBarStyleDefault;
				"INFOPLIST_KEY_UIStatusBarStyle[sdk=iphonesimulator*]" = UIStatusBarStyleDefault;
				INFOPLIST_KEY_UISupportedInterfaceOrientations = UIInterfaceOrientationPortrait;
				INFOPLIST_KEY_UISupportedInterfaceOrientations_iPad = "UIInterfaceOrientationLandscapeLeft UIInterfaceOrientationLandscapeRight UIInterfaceOrientationPortrait UIInterfaceOrientationPortraitUpsideDown";
				IPHONEOS_DEPLOYMENT_TARGET = 17.0;
				LD_RUNPATH_SEARCH_PATHS = "@executable_path/Frameworks";
				"LD_RUNPATH_SEARCH_PATHS[sdk=macosx*]" = "@executable_path/../Frameworks";
				MACOSX_DEPLOYMENT_TARGET = 13.5;
				MARKETING_VERSION = 1.0;
				PRODUCT_BUNDLE_IDENTIFIER = com.elijahlopez.Krates;
				PRODUCT_NAME = "$(TARGET_NAME)";
				SDKROOT = auto;
				SUPPORTED_PLATFORMS = "iphoneos iphonesimulator macosx";
				SWIFT_EMIT_LOC_STRINGS = YES;
				SWIFT_VERSION = 5.0;
				TARGETED_DEVICE_FAMILY = "1,2";
			};
			name = Debug;
		};
		F7BFA8042ACE090E00B729AD /* Release */ = {
			isa = XCBuildConfiguration;
			buildSettings = {
				ASSETCATALOG_COMPILER_APPICON_NAME = AppIcon;
				ASSETCATALOG_COMPILER_GLOBAL_ACCENT_COLOR_NAME = AccentColor;
				CODE_SIGN_ENTITLEMENTS = Krates/Krates.entitlements;
				CODE_SIGN_STYLE = Automatic;
				CURRENT_PROJECT_VERSION = 1;
				DEVELOPMENT_ASSET_PATHS = "\"Krates/Preview Content\"";
				ENABLE_PREVIEWS = YES;
				GENERATE_INFOPLIST_FILE = YES;
				"INFOPLIST_KEY_UIApplicationSceneManifest_Generation[sdk=iphoneos*]" = YES;
				"INFOPLIST_KEY_UIApplicationSceneManifest_Generation[sdk=iphonesimulator*]" = YES;
				"INFOPLIST_KEY_UIApplicationSupportsIndirectInputEvents[sdk=iphoneos*]" = YES;
				"INFOPLIST_KEY_UIApplicationSupportsIndirectInputEvents[sdk=iphonesimulator*]" = YES;
				"INFOPLIST_KEY_UILaunchScreen_Generation[sdk=iphoneos*]" = YES;
				"INFOPLIST_KEY_UILaunchScreen_Generation[sdk=iphonesimulator*]" = YES;
				"INFOPLIST_KEY_UIStatusBarStyle[sdk=iphoneos*]" = UIStatusBarStyleDefault;
				"INFOPLIST_KEY_UIStatusBarStyle[sdk=iphonesimulator*]" = UIStatusBarStyleDefault;
				INFOPLIST_KEY_UISupportedInterfaceOrientations = UIInterfaceOrientationPortrait;
				INFOPLIST_KEY_UISupportedInterfaceOrientations_iPad = "UIInterfaceOrientationLandscapeLeft UIInterfaceOrientationLandscapeRight UIInterfaceOrientationPortrait UIInterfaceOrientationPortraitUpsideDown";
				IPHONEOS_DEPLOYMENT_TARGET = 17.0;
				LD_RUNPATH_SEARCH_PATHS = "@executable_path/Frameworks";
				"LD_RUNPATH_SEARCH_PATHS[sdk=macosx*]" = "@executable_path/../Frameworks";
				MACOSX_DEPLOYMENT_TARGET = 13.5;
				MARKETING_VERSION = 1.0;
				PRODUCT_BUNDLE_IDENTIFIER = com.elijahlopez.Krates;
				PRODUCT_NAME = "$(TARGET_NAME)";
				SDKROOT = auto;
				SUPPORTED_PLATFORMS = "iphoneos iphonesimulator macosx";
				SWIFT_EMIT_LOC_STRINGS = YES;
				SWIFT_VERSION = 5.0;
				TARGETED_DEVICE_FAMILY = "1,2";
			};
			name = Release;
		};
/* End XCBuildConfiguration section */

/* Begin XCConfigurationList section */
		F7BFA7EE2ACE090C00B729AD /* Build configuration list for PBXProject "Krates" */ = {
			isa = XCConfigurationList;
			buildConfigurations = (
				F7BFA8002ACE090E00B729AD /* Debug */,
				F7BFA8012ACE090E00B729AD /* Release */,
			);
			defaultConfigurationIsVisible = 0;
			defaultConfigurationName = Release;
		};
		F7BFA8022ACE090E00B729AD /* Build configuration list for PBXNativeTarget "Krates" */ = {
			isa = XCConfigurationList;
			buildConfigurations = (
				F7BFA8032ACE090E00B729AD /* Debug */,
				F7BFA8042ACE090E00B729AD /* Release */,
			);
			defaultConfigurationIsVisible = 0;
			defaultConfigurationName = Release;
		};
/* End XCConfigurationList section */

/* Begin XCRemoteSwiftPackageReference section */
		F7544D5B2AF18E5B00D803CA /* XCRemoteSwiftPackageReference "firebase-ios-sdk" */ = {
			isa = XCRemoteSwiftPackageReference;
			repositoryURL = "https://github.com/firebase/firebase-ios-sdk";
			requirement = {
				kind = upToNextMajorVersion;
				minimumVersion = 10.17.0;
			};
		};
		F7544DB12AF32C0400D803CA /* XCRemoteSwiftPackageReference "Kingfisher" */ = {
			isa = XCRemoteSwiftPackageReference;
			repositoryURL = "https://github.com/onevcat/Kingfisher";
			requirement = {
				kind = upToNextMajorVersion;
				minimumVersion = 7.10.0;
			};
		};
/* End XCRemoteSwiftPackageReference section */

/* Begin XCSwiftPackageProductDependency section */
		F7544D5C2AF18E5B00D803CA /* FirebaseAnalytics */ = {
			isa = XCSwiftPackageProductDependency;
			package = F7544D5B2AF18E5B00D803CA /* XCRemoteSwiftPackageReference "firebase-ios-sdk" */;
			productName = FirebaseAnalytics;
		};
		F7544D5E2AF18E5B00D803CA /* FirebaseAnalyticsOnDeviceConversion */ = {
			isa = XCSwiftPackageProductDependency;
			package = F7544D5B2AF18E5B00D803CA /* XCRemoteSwiftPackageReference "firebase-ios-sdk" */;
			productName = FirebaseAnalyticsOnDeviceConversion;
		};
		F7544D602AF18E5B00D803CA /* FirebaseAnalyticsSwift */ = {
			isa = XCSwiftPackageProductDependency;
			package = F7544D5B2AF18E5B00D803CA /* XCRemoteSwiftPackageReference "firebase-ios-sdk" */;
			productName = FirebaseAnalyticsSwift;
		};
		F7544D622AF18E5B00D803CA /* FirebaseAnalyticsWithoutAdIdSupport */ = {
			isa = XCSwiftPackageProductDependency;
			package = F7544D5B2AF18E5B00D803CA /* XCRemoteSwiftPackageReference "firebase-ios-sdk" */;
			productName = FirebaseAnalyticsWithoutAdIdSupport;
		};
		F7544D642AF18E5B00D803CA /* FirebaseAppCheck */ = {
			isa = XCSwiftPackageProductDependency;
			package = F7544D5B2AF18E5B00D803CA /* XCRemoteSwiftPackageReference "firebase-ios-sdk" */;
			productName = FirebaseAppCheck;
		};
		F7544D662AF18E5B00D803CA /* FirebaseAppDistribution-Beta */ = {
			isa = XCSwiftPackageProductDependency;
			package = F7544D5B2AF18E5B00D803CA /* XCRemoteSwiftPackageReference "firebase-ios-sdk" */;
			productName = "FirebaseAppDistribution-Beta";
		};
		F7544D682AF18E5B00D803CA /* FirebaseAuth */ = {
			isa = XCSwiftPackageProductDependency;
			package = F7544D5B2AF18E5B00D803CA /* XCRemoteSwiftPackageReference "firebase-ios-sdk" */;
			productName = FirebaseAuth;
		};
		F7544D6A2AF18E5B00D803CA /* FirebaseAuthCombine-Community */ = {
			isa = XCSwiftPackageProductDependency;
			package = F7544D5B2AF18E5B00D803CA /* XCRemoteSwiftPackageReference "firebase-ios-sdk" */;
			productName = "FirebaseAuthCombine-Community";
		};
		F7544D6C2AF18E5B00D803CA /* FirebaseCrashlytics */ = {
			isa = XCSwiftPackageProductDependency;
			package = F7544D5B2AF18E5B00D803CA /* XCRemoteSwiftPackageReference "firebase-ios-sdk" */;
			productName = FirebaseCrashlytics;
		};
		F7544D6E2AF18E5B00D803CA /* FirebaseDatabase */ = {
			isa = XCSwiftPackageProductDependency;
			package = F7544D5B2AF18E5B00D803CA /* XCRemoteSwiftPackageReference "firebase-ios-sdk" */;
			productName = FirebaseDatabase;
		};
		F7544D702AF18E5B00D803CA /* FirebaseDatabaseSwift */ = {
			isa = XCSwiftPackageProductDependency;
			package = F7544D5B2AF18E5B00D803CA /* XCRemoteSwiftPackageReference "firebase-ios-sdk" */;
			productName = FirebaseDatabaseSwift;
		};
		F7544D722AF18E5B00D803CA /* FirebaseDynamicLinks */ = {
			isa = XCSwiftPackageProductDependency;
			package = F7544D5B2AF18E5B00D803CA /* XCRemoteSwiftPackageReference "firebase-ios-sdk" */;
			productName = FirebaseDynamicLinks;
		};
		F7544D742AF18E5B00D803CA /* FirebaseFirestore */ = {
			isa = XCSwiftPackageProductDependency;
			package = F7544D5B2AF18E5B00D803CA /* XCRemoteSwiftPackageReference "firebase-ios-sdk" */;
			productName = FirebaseFirestore;
		};
		F7544D762AF18E5B00D803CA /* FirebaseFirestoreCombine-Community */ = {
			isa = XCSwiftPackageProductDependency;
			package = F7544D5B2AF18E5B00D803CA /* XCRemoteSwiftPackageReference "firebase-ios-sdk" */;
			productName = "FirebaseFirestoreCombine-Community";
		};
		F7544D782AF18E5B00D803CA /* FirebaseFirestoreSwift */ = {
			isa = XCSwiftPackageProductDependency;
			package = F7544D5B2AF18E5B00D803CA /* XCRemoteSwiftPackageReference "firebase-ios-sdk" */;
			productName = FirebaseFirestoreSwift;
		};
		F7544D7A2AF18E5B00D803CA /* FirebaseFunctions */ = {
			isa = XCSwiftPackageProductDependency;
			package = F7544D5B2AF18E5B00D803CA /* XCRemoteSwiftPackageReference "firebase-ios-sdk" */;
			productName = FirebaseFunctions;
		};
		F7544D7C2AF18E5B00D803CA /* FirebaseFunctionsCombine-Community */ = {
			isa = XCSwiftPackageProductDependency;
			package = F7544D5B2AF18E5B00D803CA /* XCRemoteSwiftPackageReference "firebase-ios-sdk" */;
			productName = "FirebaseFunctionsCombine-Community";
		};
		F7544D7E2AF18E5B00D803CA /* FirebaseInAppMessaging-Beta */ = {
			isa = XCSwiftPackageProductDependency;
			package = F7544D5B2AF18E5B00D803CA /* XCRemoteSwiftPackageReference "firebase-ios-sdk" */;
			productName = "FirebaseInAppMessaging-Beta";
		};
		F7544D802AF18E5B00D803CA /* FirebaseInAppMessagingSwift-Beta */ = {
			isa = XCSwiftPackageProductDependency;
			package = F7544D5B2AF18E5B00D803CA /* XCRemoteSwiftPackageReference "firebase-ios-sdk" */;
			productName = "FirebaseInAppMessagingSwift-Beta";
		};
		F7544D822AF18E5B00D803CA /* FirebaseInstallations */ = {
			isa = XCSwiftPackageProductDependency;
			package = F7544D5B2AF18E5B00D803CA /* XCRemoteSwiftPackageReference "firebase-ios-sdk" */;
			productName = FirebaseInstallations;
		};
		F7544D842AF18E5B00D803CA /* FirebaseMLModelDownloader */ = {
			isa = XCSwiftPackageProductDependency;
			package = F7544D5B2AF18E5B00D803CA /* XCRemoteSwiftPackageReference "firebase-ios-sdk" */;
			productName = FirebaseMLModelDownloader;
		};
		F7544D862AF18E5B00D803CA /* FirebaseMessaging */ = {
			isa = XCSwiftPackageProductDependency;
			package = F7544D5B2AF18E5B00D803CA /* XCRemoteSwiftPackageReference "firebase-ios-sdk" */;
			productName = FirebaseMessaging;
		};
		F7544D882AF18E5B00D803CA /* FirebasePerformance */ = {
			isa = XCSwiftPackageProductDependency;
			package = F7544D5B2AF18E5B00D803CA /* XCRemoteSwiftPackageReference "firebase-ios-sdk" */;
			productName = FirebasePerformance;
		};
		F7544D8A2AF18E5B00D803CA /* FirebaseRemoteConfig */ = {
			isa = XCSwiftPackageProductDependency;
			package = F7544D5B2AF18E5B00D803CA /* XCRemoteSwiftPackageReference "firebase-ios-sdk" */;
			productName = FirebaseRemoteConfig;
		};
		F7544D8C2AF18E5B00D803CA /* FirebaseRemoteConfigSwift */ = {
			isa = XCSwiftPackageProductDependency;
			package = F7544D5B2AF18E5B00D803CA /* XCRemoteSwiftPackageReference "firebase-ios-sdk" */;
			productName = FirebaseRemoteConfigSwift;
		};
		F7544D8E2AF18E5B00D803CA /* FirebaseStorage */ = {
			isa = XCSwiftPackageProductDependency;
			package = F7544D5B2AF18E5B00D803CA /* XCRemoteSwiftPackageReference "firebase-ios-sdk" */;
			productName = FirebaseStorage;
		};
		F7544D902AF18E5B00D803CA /* FirebaseStorageCombine-Community */ = {
			isa = XCSwiftPackageProductDependency;
			package = F7544D5B2AF18E5B00D803CA /* XCRemoteSwiftPackageReference "firebase-ios-sdk" */;
			productName = "FirebaseStorageCombine-Community";
		};
		F7544DB22AF32C0400D803CA /* Kingfisher */ = {
			isa = XCSwiftPackageProductDependency;
			package = F7544DB12AF32C0400D803CA /* XCRemoteSwiftPackageReference "Kingfisher" */;
			productName = Kingfisher;
		};
/* End XCSwiftPackageProductDependency section */
	};
	rootObject = F7BFA7EB2ACE090C00B729AD /* Project object */;
}
